{
  "originHash" : "6bc4757e57a8ffb72ed35ca3bbecfd6b493468ae42a7a5889fb32d1d9512a949",
  "pins" : [
    {
      "identity" : "dotlottie-ios",
      "kind" : "remoteSourceControl",
      "location" : "https://github.com/LottieFiles/dotlottie-ios",
      "state" : {
        "revision" : "4213e7298eb94b81ce08c226302759c34ce59366",
        "version" : "0.11.1"
      }
    }
  ],
  "version" : 3
}
