// !$*UTF8*$!
{
    archiveVersion = 1;
    classes = {
    };
    objectVersion = 77;
    objects = {

/* Begin PBXBuildFile section */
        B35B1BA82D28363300346179 /* DotLottie in Frameworks */ = {isa = PBXBuildFile; productRef = B35B1BA72D28363300346179 /* DotLottie */; };
/* End PBXBuildFile section */

/* Begin PBXFileReference section */
        B38AD8AB2D27DEC200D9F120 /* SpeechStorage.app */ = {isa = PBXFileReference; explicitFileType = wrapper.application; includeInIndex = 0; path = SpeechStorage.app; sourceTree = BUILT_PRODUCTS_DIR; };
/* End PBXFileReference section */

/* Begin PBXFileSystemSynchronizedBuildFileExceptionSet section */
        B3C774242D27E683001CBFD0 /* Exceptions for "SpeechStorage" folder in "SpeechStorage" target */ = {
            isa = PBXFileSystemSynchronizedBuildFileExceptionSet;
            membershipExceptions = (
                Info.plist,
            );
            target = B38AD8AA2D27DEC200D9F120 /* SpeechStorage */;
        };
/* End PBXFileSystemSynchronizedBuildFileExceptionSet section */

/* Begin PBXFileSystemSynchronizedRootGroup section */
        B38AD8AD2D27DEC200D9F120 /* SpeechStorage */ = {
            isa = PBXFileSystemSynchronizedRootGroup;
            exceptions = (
                B3C774242D27E683001CBFD0 /* Exceptions for "SpeechStorage" folder in "SpeechStorage" target */,
            );
            path = SpeechStorage;
            sourceTree = "<group>";
        };
/* End PBXFileSystemSynchronizedRootGroup section */

/* Begin PBXFrameworksBuildPhase section */
        B38AD8A82D27DEC200D9F120 /* Frameworks */ = {
            isa = PBXFrameworksBuildPhase;
            buildActionMask = 2147483647;
            files = (
                B35B1BA82D28363300346179 /* DotLottie in Frameworks */,
            );
            runOnlyForDeploymentPostprocessing = 0;
        };
/* End PBXFrameworksBuildPhase section */

/* Begin PBXGroup section */
        B38AD8A22D27DEC200D9F120 = {
            isa = PBXGroup;
            children = (
                B38AD8AD2D27DEC200D9F120 /* SpeechStorage */,
                B38AD8AC2D27DEC200D9F120 /* Products */,
            );
            sourceTree = "<group>";
        };
        B38AD8AC2D27DEC200D9F120 /* Products */ = {
            isa = PBXGroup;
            children = (
                B38AD8AB2D27DEC200D9F120 /* SpeechStorage.app */,
            );
            name = Products;
            sourceTree = "<group>";
        };
/* End PBXGroup section */

/* Begin PBXNativeTarget section */
        B38AD8AA2D27DEC200D9F120 /* SpeechStorage */ = {
            isa = PBXNativeTarget;
            buildConfigurationList = B38AD8BA2D27DEC300D9F120 /* Build configuration list for PBXNativeTarget "SpeechStorage" */;
            buildPhases = (
                B38AD8A72D27DEC200D9F120 /* Sources */,
                B38AD8A82D27DEC200D9F120 /* Frameworks */,
                B38AD8A92D27DEC200D9F120 /* Resources */,
            );
            buildRules = (
            );
            dependencies = (
            );
            fileSystemSynchronizedGroups = (
                B38AD8AD2D27DEC200D9F120 /* SpeechStorage */,
            );
            name = SpeechStorage;
            packageProductDependencies = (
                B35B1BA72D28363300346179 /* DotLottie */,
            );
            productName = SpeechStorage;
            productReference = B38AD8AB2D27DEC200D9F120 /* SpeechStorage.app */;
            productType = "com.apple.product-type.application";
        };
/* End PBXNativeTarget section */

/* Begin PBXProject section */
        B38AD8A32D27DEC200D9F120 /* Project object */ = {
            isa = PBXProject;
            attributes = {
                BuildIndependentTargetsInParallel = 1;
                LastSwiftUpdateCheck = 1620;
                LastUpgradeCheck = 1620;
                TargetAttributes = {
                    B38AD8AA2D27DEC200D9F120 = {
                        CreatedOnToolsVersion = 16.2;
                    };
                };
            };
            buildConfigurationList = B38AD8A62D27DEC200D9F120 /* Build configuration list for PBXProject "SpeechStorage" */;
            developmentRegion = en;
            hasScannedForEncodings = 0;
            knownRegions = (
                en,
                Base,
            );
            mainGroup = B38AD8A22D27DEC200D9F120;
            minimizedProjectReferenceProxies = 1;
            packageReferences = (
                B35B1BA62D28363300346179 /* XCRemoteSwiftPackageReference "dotlottie-ios" */,
            );
            preferredProjectObjectVersion = 77;
            productRefGroup = B38AD8AC2D27DEC200D9F120 /* Products */;
            projectDirPath = "";
            projectRoot = "";
            targets = (
                B38AD8AA2D27DEC200D9F120 /* SpeechStorage */,
            );
        };
/* End PBXProject section */

/* Begin PBXResourcesBuildPhase section */
        B38AD8A92D27DEC200D9F120 /* Resources */ = {
            isa = PBXResourcesBuildPhase;
            buildActionMask = 2147483647;
            files = (
            );
            runOnlyForDeploymentPostprocessing = 0;
        };
/* End PBXResourcesBuildPhase section */

/* Begin PBXSourcesBuildPhase section */
        B38AD8A72D27DEC200D9F120 /* Sources */ = {
            isa = PBXSourcesBuildPhase;
            buildActionMask = 2147483647;
            files = (
            );
            runOnlyForDeploymentPostprocessing = 0;
        };
/* End PBXSourcesBuildPhase section */

/* Begin XCBuildConfiguration section */
        B38AD8B82D27DEC300D9F120 /* Debug */ = {
            isa = XCBuildConfiguration;
            buildSettings = {
                ALWAYS_SEARCH_USER_PATHS = NO;
                ASSETCATALOG_COMPILER_GENERATE_SWIFT_ASSET_SYMBOL_EXTENSIONS = YES;
                CLANG_ANALYZER_NONNULL = YES;
                CLANG_ANALYZER_NUMBER_OBJECT_CONVERSION = YES_AGGRESSIVE;
                CLANG_CXX_LANGUAGE_STANDARD = "gnu++20";
                CLANG_ENABLE_MODULES = YES;
                CLANG_ENABLE_OBJC_ARC = YES;
                CLANG_ENABLE_OBJC_WEAK = YES;
                CLANG_WARN_BLOCK_CAPTURE_AUTORELEASING = YES;
                CLANG_WARN_BOOL_CONVERSION = YES;
                CLANG_WARN_COMMA = YES;
                CLANG_WARN_CONSTANT_CONVERSION = YES;
                CLANG_WARN_DEPRECATED_OBJC_IMPLEMENTATIONS = YES;
                CLANG_WARN_DIRECT_OBJC_ISA_USAGE = YES_ERROR;
                CLANG_WARN_DOCUMENTATION_COMMENTS = YES;
                CLANG_WARN_EMPTY_BODY = YES;
                CLANG_WARN_ENUM_CONVERSION = YES;
                CLANG_WARN_INFINITE_RECURSION = YES;
                CLANG_WARN_INT_CONVERSION = YES;
                CLANG_WARN_NON_LITERAL_NULL_CONVERSION = YES;
                CLANG_WARN_OBJC_IMPLICIT_RETAIN_SELF = YES;
                CLANG_WARN_OBJC_LITERAL_CONVERSION = YES;
                CLANG_WARN_OBJC_ROOT_CLASS = YES_ERROR;
                CLANG_WARN_QUOTED_INCLUDE_IN_FRAMEWORK_HEADER = YES;
                CLANG_WARN_RANGE_LOOP_ANALYSIS = YES;
                CLANG_WARN_STRICT_PROTOTYPES = YES;
                CLANG_WARN_SUSPICIOUS_MOVE = YES;
                CLANG_WARN_UNGUARDED_AVAILABILITY = YES_AGGRESSIVE;
                CLANG_WARN_UNREACHABLE_CODE = YES;
                CLANG_WARN__DUPLICATE_METHOD_MATCH = YES;
                COPY_PHASE_STRIP = NO;
                DEBUG_INFORMATION_FORMAT = dwarf;
                ENABLE_STRICT_OBJC_MSGSEND = YES;
                ENABLE_TESTABILITY = YES;
                ENABLE_USER_SCRIPT_SANDBOXING = YES;
                GCC_C_LANGUAGE_STANDARD = gnu17;
                GCC_DYNAMIC_NO_PIC = NO;
                GCC_NO_COMMON_BLOCKS = YES;
                GCC_OPTIMIZATION_LEVEL = 0;
                GCC_PREPROCESSOR_DEFINITIONS = (
                    "DEBUG=1",
                    "$(inherited)",
                );
                GCC_WARN_64_TO_32_BIT_CONVERSION = YES;
                GCC_WARN_ABOUT_RETURN_TYPE = YES_ERROR;
                GCC_WARN_UNDECLARED_SELECTOR = YES;
                GCC_WARN_UNINITIALIZED_AUTOS = YES_AGGRESSIVE;
                GCC_WARN_UNUSED_FUNCTION = YES;
                GCC_WARN_UNUSED_VARIABLE = YES;
                LOCALIZATION_PREFERS_STRING_CATALOGS = YES;
                MTL_ENABLE_DEBUG_INFO = INCLUDE_SOURCE;
                MTL_FAST_MATH = YES;
                ONLY_ACTIVE_ARCH = YES;
                SWIFT_ACTIVE_COMPILATION_CONDITIONS = "DEBUG $(inherited)";
                SWIFT_OPTIMIZATION_LEVEL = "-Onone";
            };
            name = Debug;
        };
        B38AD8B92D27DEC300D9F120 /* Release */ = {
            isa = XCBuildConfiguration;
            buildSettings = {
                ALWAYS_SEARCH_USER_PATHS = NO;
                ASSETCATALOG_COMPILER_GENERATE_SWIFT_ASSET_SYMBOL_EXTENSIONS = YES;
                CLANG_ANALYZER_NONNULL = YES;
                CLANG_ANALYZER_NUMBER_OBJECT_CONVERSION = YES_AGGRESSIVE;
                CLANG_CXX_LANGUAGE_STANDARD = "gnu++20";
                CLANG_ENABLE_MODULES = YES;
                CLANG_ENABLE_OBJC_ARC = YES;
                CLANG_ENABLE_OBJC_WEAK = YES;
                CLANG_WARN_BLOCK_CAPTURE_AUTORELEASING = YES;
                CLANG_WARN_BOOL_CONVERSION = YES;
                CLANG_WARN_COMMA = YES;
                CLANG_WARN_CONSTANT_CONVERSION = YES;
                CLANG_WARN_DEPRECATED_OBJC_IMPLEMENTATIONS = YES;
                CLANG_WARN_DIRECT_OBJC_ISA_USAGE = YES_ERROR;
                CLANG_WARN_DOCUMENTATION_COMMENTS = YES;
                CLANG_WARN_EMPTY_BODY = YES;
                CLANG_WARN_ENUM_CONVERSION = YES;
                CLANG_WARN_INFINITE_RECURSION = YES;
                CLANG_WARN_INT_CONVERSION = YES;
                CLANG_WARN_NON_LITERAL_NULL_CONVERSION = YES;
                CLANG_WARN_OBJC_IMPLICIT_RETAIN_SELF = YES;
                CLANG_WARN_OBJC_LITERAL_CONVERSION = YES;
                CLANG_WARN_OBJC_ROOT_CLASS = YES_ERROR;
                CLANG_WARN_QUOTED_INCLUDE_IN_FRAMEWORK_HEADER = YES;
                CLANG_WARN_RANGE_LOOP_ANALYSIS = YES;
                CLANG_WARN_STRICT_PROTOTYPES = YES;
                CLANG_WARN_SUSPICIOUS_MOVE = YES;
                CLANG_WARN_UNGUARDED_AVAILABILITY = YES_AGGRESSIVE;
                CLANG_WARN_UNREACHABLE_CODE = YES;
                CLANG_WARN__DUPLICATE_METHOD_MATCH = YES;
                COPY_PHASE_STRIP = NO;
                DEBUG_INFORMATION_FORMAT = "dwarf-with-dsym";
                ENABLE_NS_ASSERTIONS = NO;
                ENABLE_STRICT_OBJC_MSGSEND = YES;
                ENABLE_USER_SCRIPT_SANDBOXING = YES;
                GCC_C_LANGUAGE_STANDARD = gnu17;
                GCC_NO_COMMON_BLOCKS = YES;
                GCC_WARN_64_TO_32_BIT_CONVERSION = YES;
                GCC_WARN_ABOUT_RETURN_TYPE = YES_ERROR;
                GCC_WARN_UNDECLARED_SELECTOR = YES;
                GCC_WARN_UNINITIALIZED_AUTOS = YES_AGGRESSIVE;
                GCC_WARN_UNUSED_FUNCTION = YES;
                GCC_WARN_UNUSED_VARIABLE = YES;
                LOCALIZATION_PREFERS_STRING_CATALOGS = YES;
                MTL_ENABLE_DEBUG_INFO = NO;
                MTL_FAST_MATH = YES;
                SWIFT_COMPILATION_MODE = wholemodule;
            };
            name = Release;
        };
        B38AD8BB2D27DEC300D9F120 /* Debug */ = {
            isa = XCBuildConfiguration;
            buildSettings = {
                ASSETCATALOG_COMPILER_APPICON_NAME = AppIcon;
                ASSETCATALOG_COMPILER_GLOBAL_ACCENT_COLOR_NAME = AccentColor;
                CODE_SIGN_ENTITLEMENTS = SpeechStorage/SpeechStorage.entitlements;
                CODE_SIGN_STYLE = Automatic;
                CURRENT_PROJECT_VERSION = 1.1;
                DEBUG_INFORMATION_FORMAT = "dwarf-with-dsym";
                DEVELOPMENT_ASSET_PATHS = "\"SpeechStorage/Preview Content\"";
                DEVELOPMENT_TEAM = 42BPZX28NR;
                ENABLE_HARDENED_RUNTIME = YES;
                ENABLE_PREVIEWS = YES;
                GENERATE_INFOPLIST_FILE = YES;
                INFOPLIST_FILE = SpeechStorage/Info.plist;
                INFOPLIST_KEY_CFBundleDisplayName = "スピーチストレージ";
                INFOPLIST_KEY_LSApplicationCategoryType = "public.app-category.lifestyle";
                INFOPLIST_KEY_NSMicrophoneUsageDescription = "音声メモを録音するためにマイクへのアクセスが必要です";
                INFOPLIST_KEY_NSSpeechRecognitionUsageDescription = "音声を文字に変換するために音声認識の使用許可が必要です";
                "INFOPLIST_KEY_UIApplicationSceneManifest_Generation[sdk=iphoneos*]" = YES;
                "INFOPLIST_KEY_UIApplicationSceneManifest_Generation[sdk=iphonesimulator*]" = YES;
                "INFOPLIST_KEY_UIApplicationSupportsIndirectInputEvents[sdk=iphoneos*]" = YES;
                "INFOPLIST_KEY_UIApplicationSupportsIndirectInputEvents[sdk=iphonesimulator*]" = YES;
                "INFOPLIST_KEY_UILaunchScreen_Generation[sdk=iphoneos*]" = YES;
                "INFOPLIST_KEY_UILaunchScreen_Generation[sdk=iphonesimulator*]" = YES;
                "INFOPLIST_KEY_UIStatusBarStyle[sdk=iphoneos*]" = UIStatusBarStyleDefault;
                "INFOPLIST_KEY_UIStatusBarStyle[sdk=iphonesimulator*]" = UIStatusBarStyleDefault;
                INFOPLIST_KEY_UISupportedInterfaceOrientations_iPad = "UIInterfaceOrientationPortrait UIInterfaceOrientationPortraitUpsideDown UIInterfaceOrientationLandscapeLeft UIInterfaceOrientationLandscapeRight";
                INFOPLIST_KEY_UISupportedInterfaceOrientations_iPhone = "UIInterfaceOrientationPortrait UIInterfaceOrientationLandscapeLeft UIInterfaceOrientationLandscapeRight";
                IPHONEOS_DEPLOYMENT_TARGET = 18.2;
                LD_RUNPATH_SEARCH_PATHS = "@executable_path/Frameworks";
                "LD_RUNPATH_SEARCH_PATHS[sdk=macosx*]" = "@executable_path/../Frameworks";
                MACOSX_DEPLOYMENT_TARGET = 15.2;
                MARKETING_VERSION = 1.1;
                PRODUCT_BUNDLE_IDENTIFIER = com.junichi.SpeechStorage;
                PRODUCT_NAME = "$(TARGET_NAME)";
                SDKROOT = auto;
                SUPPORTED_PLATFORMS = "iphoneos iphonesimulator";
                SUPPORTS_MACCATALYST = NO;
                SWIFT_EMIT_LOC_STRINGS = YES;
                SWIFT_VERSION = 5.0;
                TARGETED_DEVICE_FAMILY = 1;
                XROS_DEPLOYMENT_TARGET = 2.2;
            };
            name = Debug;
        };
        B38AD8BC2D27DEC300D9F120 /* Release */ = {
            isa = XCBuildConfiguration;
            buildSettings = {
                ASSETCATALOG_COMPILER_APPICON_NAME = AppIcon;
                ASSETCATALOG_COMPILER_GLOBAL_ACCENT_COLOR_NAME = AccentColor;
                CODE_SIGN_ENTITLEMENTS = SpeechStorage/SpeechStorage.entitlements;
                CODE_SIGN_STYLE = Automatic;
                CURRENT_PROJECT_VERSION = 1.1;
                DEVELOPMENT_ASSET_PATHS = "\"SpeechStorage/Preview Content\"";
                DEVELOPMENT_TEAM = 42BPZX28NR;
                ENABLE_HARDENED_RUNTIME = YES;
                ENABLE_PREVIEWS = YES;
                GENERATE_INFOPLIST_FILE = YES;
                INFOPLIST_FILE = SpeechStorage/Info.plist;
                INFOPLIST_KEY_CFBundleDisplayName = "スピーチストレージ";
                INFOPLIST_KEY_LSApplicationCategoryType = "public.app-category.lifestyle";
                INFOPLIST_KEY_NSMicrophoneUsageDescription = "音声メモを録音するためにマイクへのアクセスが必要です";
                INFOPLIST_KEY_NSSpeechRecognitionUsageDescription = "音声を文字に変換するために音声認識の使用許可が必要です";
                "INFOPLIST_KEY_UIApplicationSceneManifest_Generation[sdk=iphoneos*]" = YES;
                "INFOPLIST_KEY_UIApplicationSceneManifest_Generation[sdk=iphonesimulator*]" = YES;
                "INFOPLIST_KEY_UIApplicationSupportsIndirectInputEvents[sdk=iphoneos*]" = YES;
                "INFOPLIST_KEY_UIApplicationSupportsIndirectInputEvents[sdk=iphonesimulator*]" = YES;
                "INFOPLIST_KEY_UILaunchScreen_Generation[sdk=iphoneos*]" = YES;
                "INFOPLIST_KEY_UILaunchScreen_Generation[sdk=iphonesimulator*]" = YES;
                "INFOPLIST_KEY_UIStatusBarStyle[sdk=iphoneos*]" = UIStatusBarStyleDefault;
                "INFOPLIST_KEY_UIStatusBarStyle[sdk=iphonesimulator*]" = UIStatusBarStyleDefault;
                INFOPLIST_KEY_UISupportedInterfaceOrientations_iPad = "UIInterfaceOrientationPortrait UIInterfaceOrientationPortraitUpsideDown UIInterfaceOrientationLandscapeLeft UIInterfaceOrientationLandscapeRight";
                INFOPLIST_KEY_UISupportedInterfaceOrientations_iPhone = "UIInterfaceOrientationPortrait UIInterfaceOrientationLandscapeLeft UIInterfaceOrientationLandscapeRight";
                IPHONEOS_DEPLOYMENT_TARGET = 18.2;
                LD_RUNPATH_SEARCH_PATHS = "@executable_path/Frameworks";
                "LD_RUNPATH_SEARCH_PATHS[sdk=macosx*]" = "@executable_path/../Frameworks";
                MACOSX_DEPLOYMENT_TARGET = 15.2;
                MARKETING_VERSION = 1.1;
                PRODUCT_BUNDLE_IDENTIFIER = com.junichi.SpeechStorage;
                PRODUCT_NAME = "$(TARGET_NAME)";
                SDKROOT = auto;
                SUPPORTED_PLATFORMS = "iphoneos iphonesimulator";
                SUPPORTS_MACCATALYST = NO;
                SWIFT_EMIT_LOC_STRINGS = YES;
                SWIFT_VERSION = 5.0;
                TARGETED_DEVICE_FAMILY = 1;
                XROS_DEPLOYMENT_TARGET = 2.2;
            };
            name = Release;
        };
/* End XCBuildConfiguration section */

/* Begin XCConfigurationList section */
        B38AD8A62D27DEC200D9F120 /* Build configuration list for PBXProject "SpeechStorage" */ = {
            isa = XCConfigurationList;
            buildConfigurations = (
                B38AD8B82D27DEC300D9F120 /* Debug */,
                B38AD8B92D27DEC300D9F120 /* Release */,
            );
            defaultConfigurationIsVisible = 0;
            defaultConfigurationName = Release;
        };
        B38AD8BA2D27DEC300D9F120 /* Build configuration list for PBXNativeTarget "SpeechStorage" */ = {
            isa = XCConfigurationList;
            buildConfigurations = (
                B38AD8BB2D27DEC300D9F120 /* Debug */,
                B38AD8BC2D27DEC300D9F120 /* Release */,
            );
            defaultConfigurationIsVisible = 0;
            defaultConfigurationName = Release;
        };
/* End XCConfigurationList section */

/* Begin XCRemoteSwiftPackageReference section */
        B35B1BA62D28363300346179 /* XCRemoteSwiftPackageReference "dotlottie-ios" */ = {
            isa = XCRemoteSwiftPackageReference;
            repositoryURL = "https://github.com/LottieFiles/dotlottie-ios";
            requirement = {
                kind = upToNextMajorVersion;
                minimumVersion = 0.11.1;
            };
        };
/* End XCRemoteSwiftPackageReference section */

/* Begin XCSwiftPackageProductDependency section */
        B35B1BA72D28363300346179 /* DotLottie */ = {
            isa = XCSwiftPackageProductDependency;
            package = B35B1BA62D28363300346179 /* XCRemoteSwiftPackageReference "dotlottie-ios" */;
            productName = DotLottie;
        };
/* End XCSwiftPackageProductDependency section */
    };
    rootObject = B38AD8A32D27DEC200D9F120 /* Project object */;
}
